
Microsoft Visual Studio Solution File, Format Version 12.00
# Visual Studio Version 16
VisualStudioVersion = 16.0.31321.278
MinimumVisualStudioVersion = 10.0.40219.1
Project("{FAE04EC0-301F-11D3-BF4B-00C04F79EFBC}") = "HelloWorld_Mills_Justyce", "HelloWorld_Mills_Justyce\HelloWorld_Mills_Justyce.csproj", "{C5EC2DD1-6A69-4550-B4DC-372046D04095}"
EndProject
Global
	GlobalSection(SolutionConfigurationPlatforms) = preSolution
		Debug|Any CPU = Debug|Any CPU
		Release|Any CPU = Release|Any CPU
	EndGlobalSection
	GlobalSection(ProjectConfigurationPlatforms) = postSolution
		{C5EC2DD1-6A69-4550-B4DC-372046D04095}.Debug|Any CPU.ActiveCfg = Debug|Any CPU
		{C5EC2DD1-6A69-4550-B4DC-372046D04095}.Debug|Any CPU.Build.0 = Debug|Any CPU
		{C5EC2DD1-6A69-4550-B4DC-372046D04095}.Release|Any CPU.ActiveCfg = Release|Any CPU
		{C5EC2DD1-6A69-4550-B4DC-372046D04095}.Release|Any CPU.Build.0 = Release|Any CPU
	EndGlobalSection
	GlobalSection(SolutionProperties) = preSolution
		HideSolutionNode = FALSE
	EndGlobalSection
	GlobalSection(ExtensibilityGlobals) = postSolution
		SolutionGuid = {2A55CB7A-1247-4B35-AF4A-82F9C7547B7A}
	EndGlobalSection
EndGlobal
